
Microsoft Visual Studio Solution File, Format Version 12.00
# Visual Studio Version 16
VisualStudioVersion = 16.0.30611.23
MinimumVisualStudioVersion = 10.0.40219.1
Project("{FAE04EC0-301F-11D3-BF4B-00C04F79EFBC}") = "AspNet2", "AspNet2\AspNet2.csproj", "{F2AA1FAA-48E0-4455-B7AB-89568BB47454}"
EndProject
Global
	GlobalSection(SolutionConfigurationPlatforms) = preSolution
		Debug|Any CPU = Debug|Any CPU
		Release|Any CPU = Release|Any CPU
	EndGlobalSection
	GlobalSection(ProjectConfigurationPlatforms) = postSolution
		{F2AA1FAA-48E0-4455-B7AB-89568BB47454}.Debug|Any CPU.ActiveCfg = Debug|Any CPU
		{F2AA1FAA-48E0-4455-B7AB-89568BB47454}.Debug|Any CPU.Build.0 = Debug|Any CPU
		{F2AA1FAA-48E0-4455-B7AB-89568BB47454}.Release|Any CPU.ActiveCfg = Release|Any CPU
		{F2AA1FAA-48E0-4455-B7AB-89568BB47454}.Release|Any CPU.Build.0 = Release|Any CPU
	EndGlobalSection
	GlobalSection(SolutionProperties) = preSolution
		HideSolutionNode = FALSE
	EndGlobalSection
	GlobalSection(ExtensibilityGlobals) = postSolution
		SolutionGuid = {00A69B12-FFA4-49DF-A9C7-6CC21ABA4980}
	EndGlobalSection
EndGlobal
